
Microsoft Visual Studio Solution File, Format Version 12.00
# Visual Studio Version 17
VisualStudioVersion = 17.8.34330.188
MinimumVisualStudioVersion = 10.0.40219.1
Project("{FAE04EC0-301F-11D3-BF4B-00C04F79EFBC}") = "Модель леса", "Модель леса.csproj", "{1353A0EB-BD9B-4B46-AB26-F640C632E12B}"
EndProject
Global
	GlobalSection(SolutionConfigurationPlatforms) = preSolution
		Debug|Any CPU = Debug|Any CPU
		Release|Any CPU = Release|Any CPU
	EndGlobalSection
	GlobalSection(ProjectConfigurationPlatforms) = postSolution
		{1353A0EB-BD9B-4B46-AB26-F640C632E12B}.Debug|Any CPU.ActiveCfg = Debug|Any CPU
		{1353A0EB-BD9B-4B46-AB26-F640C632E12B}.Debug|Any CPU.Build.0 = Debug|Any CPU
		{1353A0EB-BD9B-4B46-AB26-F640C632E12B}.Release|Any CPU.ActiveCfg = Release|Any CPU
		{1353A0EB-BD9B-4B46-AB26-F640C632E12B}.Release|Any CPU.Build.0 = Release|Any CPU
	EndGlobalSection
	GlobalSection(SolutionProperties) = preSolution
		HideSolutionNode = FALSE
	EndGlobalSection
	GlobalSection(ExtensibilityGlobals) = postSolution
		SolutionGuid = {3A03BEC6-F121-4B7E-9FE0-F829EFE0CEC2}
	EndGlobalSection
EndGlobal
